
Microsoft Visual Studio Solution File, Format Version 12.00
# Visual Studio 2015
Project("{FAE04EC0-301F-11D3-BF4B-00C04F79EFBC}") = "Algebra game.CSharp", "Algebra game.CSharp.csproj", "{F9D7FDA5-6321-BBBD-EFF0-4B4E3075B319}"
EndProject
Global
	GlobalSection(SolutionConfigurationPlatforms) = preSolution
		Debug|Any CPU = Debug|Any CPU
		Release|Any CPU = Release|Any CPU
	EndGlobalSection
	GlobalSection(ProjectConfigurationPlatforms) = postSolution
		{F9D7FDA5-6321-BBBD-EFF0-4B4E3075B319}.Debug|Any CPU.ActiveCfg = Debug|Any CPU
		{F9D7FDA5-6321-BBBD-EFF0-4B4E3075B319}.Debug|Any CPU.Build.0 = Debug|Any CPU
		{F9D7FDA5-6321-BBBD-EFF0-4B4E3075B319}.Release|Any CPU.ActiveCfg = Release|Any CPU
		{F9D7FDA5-6321-BBBD-EFF0-4B4E3075B319}.Release|Any CPU.Build.0 = Release|Any CPU
	EndGlobalSection
	GlobalSection(SolutionProperties) = preSolution
		HideSolutionNode = FALSE
	EndGlobalSection
EndGlobal
